
Microsoft Visual Studio Solution File, Format Version 12.00
# Visual Studio 15
VisualStudioVersion = 15.0.28307.271
MinimumVisualStudioVersion = 10.0.40219.1
Project("{FAE04EC0-301F-11D3-BF4B-00C04F79EFBC}") = "Exercicio08022019", "Exercicio08022019\Exercicio08022019.csproj", "{213FE591-0721-4CB3-994F-B84FD73D5598}"
EndProject
Global
	GlobalSection(SolutionConfigurationPlatforms) = preSolution
		Debug|Any CPU = Debug|Any CPU
		Release|Any CPU = Release|Any CPU
	EndGlobalSection
	GlobalSection(ProjectConfigurationPlatforms) = postSolution
		{213FE591-0721-4CB3-994F-B84FD73D5598}.Debug|Any CPU.ActiveCfg = Debug|Any CPU
		{213FE591-0721-4CB3-994F-B84FD73D5598}.Debug|Any CPU.Build.0 = Debug|Any CPU
		{213FE591-0721-4CB3-994F-B84FD73D5598}.Release|Any CPU.ActiveCfg = Release|Any CPU
		{213FE591-0721-4CB3-994F-B84FD73D5598}.Release|Any CPU.Build.0 = Release|Any CPU
	EndGlobalSection
	GlobalSection(SolutionProperties) = preSolution
		HideSolutionNode = FALSE
	EndGlobalSection
	GlobalSection(ExtensibilityGlobals) = postSolution
		SolutionGuid = {EF87AC1F-BF10-41D0-B965-0EFC2F5481A7}
	EndGlobalSection
EndGlobal
